// !$*UTF8*$!
{
	archiveVersion = 1;
	classes = {
	};
	objectVersion = 55;
	objects = {

/* Begin PBXBuildFile section */
		BC722B4F27FDD89600F3FA3F /* RandomAnimated.swift in Sources */ = {isa = PBXBuildFile; fileRef = BC722B4E27FDD89600F3FA3F /* RandomAnimated.swift */; };
		BCD8DE9827FD890D0071048F /* Data.swift in Sources */ = {isa = PBXBuildFile; fileRef = BCD8DE9727FD890D0071048F /* Data.swift */; };
		BCFD2BEC27FC8BDA00142C95 /* AppDelegate.swift in Sources */ = {isa = PBXBuildFile; fileRef = BCFD2BEB27FC8BDA00142C95 /* AppDelegate.swift */; };
		BCFD2BEE27FC8BDA00142C95 /* SceneDelegate.swift in Sources */ = {isa = PBXBuildFile; fileRef = BCFD2BED27FC8BDA00142C95 /* SceneDelegate.swift */; };
		BCFD2BF027FC8BDA00142C95 /* ViewController.swift in Sources */ = {isa = PBXBuildFile; fileRef = BCFD2BEF27FC8BDA00142C95 /* ViewController.swift */; };
		BCFD2BF327FC8BDA00142C95 /* Main.storyboard in Resources */ = {isa = PBXBuildFile; fileRef = BCFD2BF127FC8BDA00142C95 /* Main.storyboard */; };
		BCFD2BF527FC8BDA00142C95 /* Assets.xcassets in Resources */ = {isa = PBXBuildFile; fileRef = BCFD2BF427FC8BDA00142C95 /* Assets.xcassets */; };
		BCFD2BF827FC8BDA00142C95 /* LaunchScreen.storyboard in Resources */ = {isa = PBXBuildFile; fileRef = BCFD2BF627FC8BDA00142C95 /* LaunchScreen.storyboard */; };
		FE65C84B4A19F2A46C1513CF /* Pods_Spring_work.framework in Frameworks */ = {isa = PBXBuildFile; fileRef = 3F6E3BDDE437480A191A1F08 /* Pods_Spring_work.framework */; };
/* End PBXBuildFile section */

/* Begin PBXFileReference section */
		21BE719E34158AB6BB507278 /* Pods-Spring work.release.xcconfig */ = {isa = PBXFileReference; includeInIndex = 1; lastKnownFileType = text.xcconfig; name = "Pods-Spring work.release.xcconfig"; path = "Target Support Files/Pods-Spring work/Pods-Spring work.release.xcconfig"; sourceTree = "<group>"; };
		3F6E3BDDE437480A191A1F08 /* Pods_Spring_work.framework */ = {isa = PBXFileReference; explicitFileType = wrapper.framework; includeInIndex = 0; path = Pods_Spring_work.framework; sourceTree = BUILT_PRODUCTS_DIR; };
		BC722B4E27FDD89600F3FA3F /* RandomAnimated.swift */ = {isa = PBXFileReference; lastKnownFileType = sourcecode.swift; path = RandomAnimated.swift; sourceTree = "<group>"; };
		BCD8DE9727FD890D0071048F /* Data.swift */ = {isa = PBXFileReference; lastKnownFileType = sourcecode.swift; path = Data.swift; sourceTree = "<group>"; };
		BCFD2BE827FC8BDA00142C95 /* Spring work.app */ = {isa = PBXFileReference; explicitFileType = wrapper.application; includeInIndex = 0; path = "Spring work.app"; sourceTree = BUILT_PRODUCTS_DIR; };
		BCFD2BEB27FC8BDA00142C95 /* AppDelegate.swift */ = {isa = PBXFileReference; lastKnownFileType = sourcecode.swift; path = AppDelegate.swift; sourceTree = "<group>"; };
		BCFD2BED27FC8BDA00142C95 /* SceneDelegate.swift */ = {isa = PBXFileReference; lastKnownFileType = sourcecode.swift; path = SceneDelegate.swift; sourceTree = "<group>"; };
		BCFD2BEF27FC8BDA00142C95 /* ViewController.swift */ = {isa = PBXFileReference; lastKnownFileType = sourcecode.swift; path = ViewController.swift; sourceTree = "<group>"; };
		BCFD2BF227FC8BDA00142C95 /* Base */ = {isa = PBXFileReference; lastKnownFileType = file.storyboard; name = Base; path = Base.lproj/Main.storyboard; sourceTree = "<group>"; };
		BCFD2BF427FC8BDA00142C95 /* Assets.xcassets */ = {isa = PBXFileReference; lastKnownFileType = folder.assetcatalog; path = Assets.xcassets; sourceTree = "<group>"; };
		BCFD2BF727FC8BDA00142C95 /* Base */ = {isa = PBXFileReference; lastKnownFileType = file.storyboard; name = Base; path = Base.lproj/LaunchScreen.storyboard; sourceTree = "<group>"; };
		BCFD2BF927FC8BDA00142C95 /* Info.plist */ = {isa = PBXFileReference; lastKnownFileType = text.plist.xml; path = Info.plist; sourceTree = "<group>"; };
		F2FE2CBA4AB1D505FB72B743 /* Pods-Spring work.debug.xcconfig */ = {isa = PBXFileReference; includeInIndex = 1; lastKnownFileType = text.xcconfig; name = "Pods-Spring work.debug.xcconfig"; path = "Target Support Files/Pods-Spring work/Pods-Spring work.debug.xcconfig"; sourceTree = "<group>"; };
/* End PBXFileReference section */

/* Begin PBXFrameworksBuildPhase section */
		BCFD2BE527FC8BDA00142C95 /* Frameworks */ = {
			isa = PBXFrameworksBuildPhase;
			buildActionMask = 2147483647;
			files = (
				FE65C84B4A19F2A46C1513CF /* Pods_Spring_work.framework in Frameworks */,
			);
			runOnlyForDeploymentPostprocessing = 0;
		};
/* End PBXFrameworksBuildPhase section */

/* Begin PBXGroup section */
		73646E64D679FC8529DE6FDB /* Frameworks */ = {
			isa = PBXGroup;
			children = (
				3F6E3BDDE437480A191A1F08 /* Pods_Spring_work.framework */,
			);
			name = Frameworks;
			sourceTree = "<group>";
		};
		BC722B5027FDD89900F3FA3F /* Model */ = {
			isa = PBXGroup;
			children = (
				BC722B4E27FDD89600F3FA3F /* RandomAnimated.swift */,
			);
			path = Model;
			sourceTree = "<group>";
		};
		BCD8DE9927FD89130071048F /* Services */ = {
			isa = PBXGroup;
			children = (
				BCD8DE9727FD890D0071048F /* Data.swift */,
			);
			path = Services;
			sourceTree = "<group>";
		};
		BCFD2BDF27FC8BDA00142C95 = {
			isa = PBXGroup;
			children = (
				BCFD2BEA27FC8BDA00142C95 /* Spring work */,
				BCFD2BE927FC8BDA00142C95 /* Products */,
				FACCDC2154B70B14B3F6C5EF /* Pods */,
				73646E64D679FC8529DE6FDB /* Frameworks */,
			);
			sourceTree = "<group>";
		};
		BCFD2BE927FC8BDA00142C95 /* Products */ = {
			isa = PBXGroup;
			children = (
				BCFD2BE827FC8BDA00142C95 /* Spring work.app */,
			);
			name = Products;
			sourceTree = "<group>";
		};
		BCFD2BEA27FC8BDA00142C95 /* Spring work */ = {
			isa = PBXGroup;
			children = (
				BC722B5027FDD89900F3FA3F /* Model */,
				BCFD2C0127FC8E8D00142C95 /* ViewControllers */,
				BCFD2C0027FC8E7B00142C95 /* Storyboard */,
				BCFD2BFF27FC8E5400142C95 /* App */,
				BCFD2C0227FC8EAE00142C95 /* Resources */,
				BCD8DE9927FD89130071048F /* Services */,
			);
			path = "Spring work";
			sourceTree = "<group>";
		};
		BCFD2BFF27FC8E5400142C95 /* App */ = {
			isa = PBXGroup;
			children = (
				BCFD2BEB27FC8BDA00142C95 /* AppDelegate.swift */,
				BCFD2BED27FC8BDA00142C95 /* SceneDelegate.swift */,
				BCFD2BF927FC8BDA00142C95 /* Info.plist */,
			);
			path = App;
			sourceTree = "<group>";
		};
		BCFD2C0027FC8E7B00142C95 /* Storyboard */ = {
			isa = PBXGroup;
			children = (
				BCFD2BF127FC8BDA00142C95 /* Main.storyboard */,
				BCFD2BF627FC8BDA00142C95 /* LaunchScreen.storyboard */,
			);
			path = Storyboard;
			sourceTree = "<group>";
		};
		BCFD2C0127FC8E8D00142C95 /* ViewControllers */ = {
			isa = PBXGroup;
			children = (
				BCFD2BEF27FC8BDA00142C95 /* ViewController.swift */,
			);
			path = ViewControllers;
			sourceTree = "<group>";
		};
		BCFD2C0227FC8EAE00142C95 /* Resources */ = {
			isa = PBXGroup;
			children = (
				BCFD2BF427FC8BDA00142C95 /* Assets.xcassets */,
			);
			path = Resources;
			sourceTree = "<group>";
		};
		FACCDC2154B70B14B3F6C5EF /* Pods */ = {
			isa = PBXGroup;
			children = (
				F2FE2CBA4AB1D505FB72B743 /* Pods-Spring work.debug.xcconfig */,
				21BE719E34158AB6BB507278 /* Pods-Spring work.release.xcconfig */,
			);
			path = Pods;
			sourceTree = "<group>";
		};
/* End PBXGroup section */

/* Begin PBXNativeTarget section */
		BCFD2BE727FC8BDA00142C95 /* Spring work */ = {
			isa = PBXNativeTarget;
			buildConfigurationList = BCFD2BFC27FC8BDA00142C95 /* Build configuration list for PBXNativeTarget "Spring work" */;
			buildPhases = (
				1E13D570ADC0D2FD670C9BB6 /* [CP] Check Pods Manifest.lock */,
				BCFD2BE427FC8BDA00142C95 /* Sources */,
				BCFD2BE527FC8BDA00142C95 /* Frameworks */,
				BCFD2BE627FC8BDA00142C95 /* Resources */,
				C510DBDE0F21B0A5D0520686 /* [CP] Embed Pods Frameworks */,
			);
			buildRules = (
			);
			dependencies = (
			);
			name = "Spring work";
			productName = "Spring work";
			productReference = BCFD2BE827FC8BDA00142C95 /* Spring work.app */;
			productType = "com.apple.product-type.application";
		};
/* End PBXNativeTarget section */

/* Begin PBXProject section */
		BCFD2BE027FC8BDA00142C95 /* Project object */ = {
			isa = PBXProject;
			attributes = {
				BuildIndependentTargetsInParallel = 1;
				LastSwiftUpdateCheck = 1330;
				LastUpgradeCheck = 1330;
				TargetAttributes = {
					BCFD2BE727FC8BDA00142C95 = {
						CreatedOnToolsVersion = 13.3;
					};
				};
			};
			buildConfigurationList = BCFD2BE327FC8BDA00142C95 /* Build configuration list for PBXProject "Spring work" */;
			compatibilityVersion = "Xcode 13.0";
			developmentRegion = en;
			hasScannedForEncodings = 0;
			knownRegions = (
				en,
				Base,
			);
			mainGroup = BCFD2BDF27FC8BDA00142C95;
			productRefGroup = BCFD2BE927FC8BDA00142C95 /* Products */;
			projectDirPath = "";
			projectRoot = "";
			targets = (
				BCFD2BE727FC8BDA00142C95 /* Spring work */,
			);
		};
/* End PBXProject section */

/* Begin PBXResourcesBuildPhase section */
		BCFD2BE627FC8BDA00142C95 /* Resources */ = {
			isa = PBXResourcesBuildPhase;
			buildActionMask = 2147483647;
			files = (
				BCFD2BF827FC8BDA00142C95 /* LaunchScreen.storyboard in Resources */,
				BCFD2BF527FC8BDA00142C95 /* Assets.xcassets in Resources */,
				BCFD2BF327FC8BDA00142C95 /* Main.storyboard in Resources */,
			);
			runOnlyForDeploymentPostprocessing = 0;
		};
/* End PBXResourcesBuildPhase section */

/* Begin PBXShellScriptBuildPhase section */
		1E13D570ADC0D2FD670C9BB6 /* [CP] Check Pods Manifest.lock */ = {
			isa = PBXShellScriptBuildPhase;
			buildActionMask = 2147483647;
			files = (
			);
			inputFileListPaths = (
			);
			inputPaths = (
				"${PODS_PODFILE_DIR_PATH}/Podfile.lock",
				"${PODS_ROOT}/Manifest.lock",
			);
			name = "[CP] Check Pods Manifest.lock";
			outputFileListPaths = (
			);
			outputPaths = (
				"$(DERIVED_FILE_DIR)/Pods-Spring work-checkManifestLockResult.txt",
			);
			runOnlyForDeploymentPostprocessing = 0;
			shellPath = /bin/sh;
			shellScript = "diff \"${PODS_PODFILE_DIR_PATH}/Podfile.lock\" \"${PODS_ROOT}/Manifest.lock\" > /dev/null\nif [ $? != 0 ] ; then\n    # print error to STDERR\n    echo \"error: The sandbox is not in sync with the Podfile.lock. Run 'pod install' or update your CocoaPods installation.\" >&2\n    exit 1\nfi\n# This output is used by Xcode 'outputs' to avoid re-running this script phase.\necho \"SUCCESS\" > \"${SCRIPT_OUTPUT_FILE_0}\"\n";
			showEnvVarsInLog = 0;
		};
		C510DBDE0F21B0A5D0520686 /* [CP] Embed Pods Frameworks */ = {
			isa = PBXShellScriptBuildPhase;
			buildActionMask = 2147483647;
			files = (
			);
			inputFileListPaths = (
				"${PODS_ROOT}/Target Support Files/Pods-Spring work/Pods-Spring work-frameworks-${CONFIGURATION}-input-files.xcfilelist",
			);
			name = "[CP] Embed Pods Frameworks";
			outputFileListPaths = (
				"${PODS_ROOT}/Target Support Files/Pods-Spring work/Pods-Spring work-frameworks-${CONFIGURATION}-output-files.xcfilelist",
			);
			runOnlyForDeploymentPostprocessing = 0;
			shellPath = /bin/sh;
			shellScript = "\"${PODS_ROOT}/Target Support Files/Pods-Spring work/Pods-Spring work-frameworks.sh\"\n";
			showEnvVarsInLog = 0;
		};
/* End PBXShellScriptBuildPhase section */

/* Begin PBXSourcesBuildPhase section */
		BCFD2BE427FC8BDA00142C95 /* Sources */ = {
			isa = PBXSourcesBuildPhase;
			buildActionMask = 2147483647;
			files = (
				BCFD2BF027FC8BDA00142C95 /* ViewController.swift in Sources */,
				BCFD2BEC27FC8BDA00142C95 /* AppDelegate.swift in Sources */,
				BC722B4F27FDD89600F3FA3F /* RandomAnimated.swift in Sources */,
				BCFD2BEE27FC8BDA00142C95 /* SceneDelegate.swift in Sources */,
				BCD8DE9827FD890D0071048F /* Data.swift in Sources */,
			);
			runOnlyForDeploymentPostprocessing = 0;
		};
/* End PBXSourcesBuildPhase section */

/* Begin PBXVariantGroup section */
		BCFD2BF127FC8BDA00142C95 /* Main.storyboard */ = {
			isa = PBXVariantGroup;
			children = (
				BCFD2BF227FC8BDA00142C95 /* Base */,
			);
			name = Main.storyboard;
			sourceTree = "<group>";
		};
		BCFD2BF627FC8BDA00142C95 /* LaunchScreen.storyboard */ = {
			isa = PBXVariantGroup;
			children = (
				BCFD2BF727FC8BDA00142C95 /* Base */,
			);
			name = LaunchScreen.storyboard;
			sourceTree = "<group>";
		};
/* End PBXVariantGroup section */

/* Begin XCBuildConfiguration section */
		BCFD2BFA27FC8BDA00142C95 /* Debug */ = {
			isa = XCBuildConfiguration;
			buildSettings = {
				ALWAYS_SEARCH_USER_PATHS = NO;
				CLANG_ANALYZER_NONNULL = YES;
				CLANG_ANALYZER_NUMBER_OBJECT_CONVERSION = YES_AGGRESSIVE;
				CLANG_CXX_LANGUAGE_STANDARD = "gnu++17";
				CLANG_ENABLE_MODULES = YES;
				CLANG_ENABLE_OBJC_ARC = YES;
				CLANG_ENABLE_OBJC_WEAK = YES;
				CLANG_WARN_BLOCK_CAPTURE_AUTORELEASING = YES;
				CLANG_WARN_BOOL_CONVERSION = YES;
				CLANG_WARN_COMMA = YES;
				CLANG_WARN_CONSTANT_CONVERSION = YES;
				CLANG_WARN_DEPRECATED_OBJC_IMPLEMENTATIONS = YES;
				CLANG_WARN_DIRECT_OBJC_ISA_USAGE = YES_ERROR;
				CLANG_WARN_DOCUMENTATION_COMMENTS = YES;
				CLANG_WARN_EMPTY_BODY = YES;
				CLANG_WARN_ENUM_CONVERSION = YES;
				CLANG_WARN_INFINITE_RECURSION = YES;
				CLANG_WARN_INT_CONVERSION = YES;
				CLANG_WARN_NON_LITERAL_NULL_CONVERSION = YES;
				CLANG_WARN_OBJC_IMPLICIT_RETAIN_SELF = YES;
				CLANG_WARN_OBJC_LITERAL_CONVERSION = YES;
				CLANG_WARN_OBJC_ROOT_CLASS = YES_ERROR;
				CLANG_WARN_QUOTED_INCLUDE_IN_FRAMEWORK_HEADER = YES;
				CLANG_WARN_RANGE_LOOP_ANALYSIS = YES;
				CLANG_WARN_STRICT_PROTOTYPES = YES;
				CLANG_WARN_SUSPICIOUS_MOVE = YES;
				CLANG_WARN_UNGUARDED_AVAILABILITY = YES_AGGRESSIVE;
				CLANG_WARN_UNREACHABLE_CODE = YES;
				CLANG_WARN__DUPLICATE_METHOD_MATCH = YES;
				COPY_PHASE_STRIP = NO;
				DEBUG_INFORMATION_FORMAT = dwarf;
				ENABLE_STRICT_OBJC_MSGSEND = YES;
				ENABLE_TESTABILITY = YES;
				GCC_C_LANGUAGE_STANDARD = gnu11;
				GCC_DYNAMIC_NO_PIC = NO;
				GCC_NO_COMMON_BLOCKS = YES;
				GCC_OPTIMIZATION_LEVEL = 0;
				GCC_PREPROCESSOR_DEFINITIONS = (
					"DEBUG=1",
					"$(inherited)",
				);
				GCC_WARN_64_TO_32_BIT_CONVERSION = YES;
				GCC_WARN_ABOUT_RETURN_TYPE = YES_ERROR;
				GCC_WARN_UNDECLARED_SELECTOR = YES;
				GCC_WARN_UNINITIALIZED_AUTOS = YES_AGGRESSIVE;
				GCC_WARN_UNUSED_FUNCTION = YES;
				GCC_WARN_UNUSED_VARIABLE = YES;
				IPHONEOS_DEPLOYMENT_TARGET = 15.4;
				MTL_ENABLE_DEBUG_INFO = INCLUDE_SOURCE;
				MTL_FAST_MATH = YES;
				ONLY_ACTIVE_ARCH = YES;
				SDKROOT = iphoneos;
				SWIFT_ACTIVE_COMPILATION_CONDITIONS = DEBUG;
				SWIFT_OPTIMIZATION_LEVEL = "-Onone";
			};
			name = Debug;
		};
		BCFD2BFB27FC8BDA00142C95 /* Release */ = {
			isa = XCBuildConfiguration;
			buildSettings = {
				ALWAYS_SEARCH_USER_PATHS = NO;
				CLANG_ANALYZER_NONNULL = YES;
				CLANG_ANALYZER_NUMBER_OBJECT_CONVERSION = YES_AGGRESSIVE;
				CLANG_CXX_LANGUAGE_STANDARD = "gnu++17";
				CLANG_ENABLE_MODULES = YES;
				CLANG_ENABLE_OBJC_ARC = YES;
				CLANG_ENABLE_OBJC_WEAK = YES;
				CLANG_WARN_BLOCK_CAPTURE_AUTORELEASING = YES;
				CLANG_WARN_BOOL_CONVERSION = YES;
				CLANG_WARN_COMMA = YES;
				CLANG_WARN_CONSTANT_CONVERSION = YES;
				CLANG_WARN_DEPRECATED_OBJC_IMPLEMENTATIONS = YES;
				CLANG_WARN_DIRECT_OBJC_ISA_USAGE = YES_ERROR;
				CLANG_WARN_DOCUMENTATION_COMMENTS = YES;
				CLANG_WARN_EMPTY_BODY = YES;
				CLANG_WARN_ENUM_CONVERSION = YES;
				CLANG_WARN_INFINITE_RECURSION = YES;
				CLANG_WARN_INT_CONVERSION = YES;
				CLANG_WARN_NON_LITERAL_NULL_CONVERSION = YES;
				CLANG_WARN_OBJC_IMPLICIT_RETAIN_SELF = YES;
				CLANG_WARN_OBJC_LITERAL_CONVERSION = YES;
				CLANG_WARN_OBJC_ROOT_CLASS = YES_ERROR;
				CLANG_WARN_QUOTED_INCLUDE_IN_FRAMEWORK_HEADER = YES;
				CLANG_WARN_RANGE_LOOP_ANALYSIS = YES;
				CLANG_WARN_STRICT_PROTOTYPES = YES;
				CLANG_WARN_SUSPICIOUS_MOVE = YES;
				CLANG_WARN_UNGUARDED_AVAILABILITY = YES_AGGRESSIVE;
				CLANG_WARN_UNREACHABLE_CODE = YES;
				CLANG_WARN__DUPLICATE_METHOD_MATCH = YES;
				COPY_PHASE_STRIP = NO;
				DEBUG_INFORMATION_FORMAT = "dwarf-with-dsym";
				ENABLE_NS_ASSERTIONS = NO;
				ENABLE_STRICT_OBJC_MSGSEND = YES;
				GCC_C_LANGUAGE_STANDARD = gnu11;
				GCC_NO_COMMON_BLOCKS = YES;
				GCC_WARN_64_TO_32_BIT_CONVERSION = YES;
				GCC_WARN_ABOUT_RETURN_TYPE = YES_ERROR;
				GCC_WARN_UNDECLARED_SELECTOR = YES;
				GCC_WARN_UNINITIALIZED_AUTOS = YES_AGGRESSIVE;
				GCC_WARN_UNUSED_FUNCTION = YES;
				GCC_WARN_UNUSED_VARIABLE = YES;
				IPHONEOS_DEPLOYMENT_TARGET = 15.4;
				MTL_ENABLE_DEBUG_INFO = NO;
				MTL_FAST_MATH = YES;
				SDKROOT = iphoneos;
				SWIFT_COMPILATION_MODE = wholemodule;
				SWIFT_OPTIMIZATION_LEVEL = "-O";
				VALIDATE_PRODUCT = YES;
			};
			name = Release;
		};
		BCFD2BFD27FC8BDA00142C95 /* Debug */ = {
			isa = XCBuildConfiguration;
			baseConfigurationReference = F2FE2CBA4AB1D505FB72B743 /* Pods-Spring work.debug.xcconfig */;
			buildSettings = {
				ASSETCATALOG_COMPILER_APPICON_NAME = AppIcon;
				ASSETCATALOG_COMPILER_GLOBAL_ACCENT_COLOR_NAME = AccentColor;
				CODE_SIGN_STYLE = Automatic;
				CURRENT_PROJECT_VERSION = 1;
				DEVELOPMENT_TEAM = 85D2483FS7;
				GENERATE_INFOPLIST_FILE = YES;
				INFOPLIST_FILE = "Spring work/App/Info.plist";
				INFOPLIST_KEY_UIApplicationSupportsIndirectInputEvents = YES;
				INFOPLIST_KEY_UILaunchStoryboardName = LaunchScreen;
				INFOPLIST_KEY_UIMainStoryboardFile = Main;
				INFOPLIST_KEY_UISupportedInterfaceOrientations_iPad = "UIInterfaceOrientationPortrait UIInterfaceOrientationPortraitUpsideDown UIInterfaceOrientationLandscapeLeft UIInterfaceOrientationLandscapeRight";
				INFOPLIST_KEY_UISupportedInterfaceOrientations_iPhone = "UIInterfaceOrientationPortrait UIInterfaceOrientationLandscapeLeft UIInterfaceOrientationLandscapeRight";
				LD_RUNPATH_SEARCH_PATHS = (
					"$(inherited)",
					"@executable_path/Frameworks",
				);
				MARKETING_VERSION = 1.0;
				PRODUCT_BUNDLE_IDENTIFIER = "FREEGAMES.Spring-work";
				PRODUCT_NAME = "$(TARGET_NAME)";
				SWIFT_EMIT_LOC_STRINGS = YES;
				SWIFT_VERSION = 5.0;
				TARGETED_DEVICE_FAMILY = "1,2";
			};
			name = Debug;
		};
		BCFD2BFE27FC8BDA00142C95 /* Release */ = {
			isa = XCBuildConfiguration;
			baseConfigurationReference = 21BE719E34158AB6BB507278 /* Pods-Spring work.release.xcconfig */;
			buildSettings = {
				ASSETCATALOG_COMPILER_APPICON_NAME = AppIcon;
				ASSETCATALOG_COMPILER_GLOBAL_ACCENT_COLOR_NAME = AccentColor;
				CODE_SIGN_STYLE = Automatic;
				CURRENT_PROJECT_VERSION = 1;
				DEVELOPMENT_TEAM = 85D2483FS7;
				GENERATE_INFOPLIST_FILE = YES;
				INFOPLIST_FILE = "Spring work/App/Info.plist";
				INFOPLIST_KEY_UIApplicationSupportsIndirectInputEvents = YES;
				INFOPLIST_KEY_UILaunchStoryboardName = LaunchScreen;
				INFOPLIST_KEY_UIMainStoryboardFile = Main;
				INFOPLIST_KEY_UISupportedInterfaceOrientations_iPad = "UIInterfaceOrientationPortrait UIInterfaceOrientationPortraitUpsideDown UIInterfaceOrientationLandscapeLeft UIInterfaceOrientationLandscapeRight";
				INFOPLIST_KEY_UISupportedInterfaceOrientations_iPhone = "UIInterfaceOrientationPortrait UIInterfaceOrientationLandscapeLeft UIInterfaceOrientationLandscapeRight";
				LD_RUNPATH_SEARCH_PATHS = (
					"$(inherited)",
					"@executable_path/Frameworks",
				);
				MARKETING_VERSION = 1.0;
				PRODUCT_BUNDLE_IDENTIFIER = "FREEGAMES.Spring-work";
				PRODUCT_NAME = "$(TARGET_NAME)";
				SWIFT_EMIT_LOC_STRINGS = YES;
				SWIFT_VERSION = 5.0;
				TARGETED_DEVICE_FAMILY = "1,2";
			};
			name = Release;
		};
/* End XCBuildConfiguration section */

/* Begin XCConfigurationList section */
		BCFD2BE327FC8BDA00142C95 /* Build configuration list for PBXProject "Spring work" */ = {
			isa = XCConfigurationList;
			buildConfigurations = (
				BCFD2BFA27FC8BDA00142C95 /* Debug */,
				BCFD2BFB27FC8BDA00142C95 /* Release */,
			);
			defaultConfigurationIsVisible = 0;
			defaultConfigurationName = Release;
		};
		BCFD2BFC27FC8BDA00142C95 /* Build configuration list for PBXNativeTarget "Spring work" */ = {
			isa = XCConfigurationList;
			buildConfigurations = (
				BCFD2BFD27FC8BDA00142C95 /* Debug */,
				BCFD2BFE27FC8BDA00142C95 /* Release */,
			);
			defaultConfigurationIsVisible = 0;
			defaultConfigurationName = Release;
		};
/* End XCConfigurationList section */
	};
	rootObject = BCFD2BE027FC8BDA00142C95 /* Project object */;
}
